
Microsoft Visual Studio Solution File, Format Version 12.00
# Visual Studio Version 17
VisualStudioVersion = 17.4.33213.308
MinimumVisualStudioVersion = 10.0.40219.1
Project("{FAE04EC0-301F-11D3-BF4B-00C04F79EFBC}") = "Chat-Client", "Chat-Client\Chat-Client.csproj", "{A6761CE7-543E-4A0C-B41F-9C66125B48BF}"
EndProject
Global
	GlobalSection(SolutionConfigurationPlatforms) = preSolution
		Debug|Any CPU = Debug|Any CPU
		Release|Any CPU = Release|Any CPU
	EndGlobalSection
	GlobalSection(ProjectConfigurationPlatforms) = postSolution
		{A6761CE7-543E-4A0C-B41F-9C66125B48BF}.Debug|Any CPU.ActiveCfg = Debug|Any CPU
		{A6761CE7-543E-4A0C-B41F-9C66125B48BF}.Debug|Any CPU.Build.0 = Debug|Any CPU
		{A6761CE7-543E-4A0C-B41F-9C66125B48BF}.Release|Any CPU.ActiveCfg = Release|Any CPU
		{A6761CE7-543E-4A0C-B41F-9C66125B48BF}.Release|Any CPU.Build.0 = Release|Any CPU
	EndGlobalSection
	GlobalSection(SolutionProperties) = preSolution
		HideSolutionNode = FALSE
	EndGlobalSection
	GlobalSection(ExtensibilityGlobals) = postSolution
		SolutionGuid = {CC7BE745-B921-4027-A776-AF843CA65C90}
	EndGlobalSection
EndGlobal
